
Microsoft Visual Studio Solution File, Format Version 12.00
# Visual Studio Version 17
VisualStudioVersion = 17.4.33110.190
MinimumVisualStudioVersion = 10.0.40219.1
Project("{9A19103F-16F7-4668-BE54-9A1E7A4F7556}") = "MongoDb.Connection.Package", "MongoDb.Connection.Package\MongoDb.Connection.Package.csproj", "{A24DDBF0-3FDF-435F-BA9C-F190139F2F2F}"
EndProject
Project("{9A19103F-16F7-4668-BE54-9A1E7A4F7556}") = "Package.Tester", "Package.Tester\Package.Tester.csproj", "{4B2B407B-BDB9-4C81-BE30-5C3EDD63E5D8}"
EndProject
Project("{FAE04EC0-301F-11D3-BF4B-00C04F79EFBC}") = "Redis.Connection.Package", "Redis.Connection.Package\Redis.Connection.Package.csproj", "{B88DCE88-8B41-4323-BCA4-3FDE0440BC99}"
EndProject
Global
	GlobalSection(SolutionConfigurationPlatforms) = preSolution
		Debug|Any CPU = Debug|Any CPU
		Release|Any CPU = Release|Any CPU
	EndGlobalSection
	GlobalSection(ProjectConfigurationPlatforms) = postSolution
		{A24DDBF0-3FDF-435F-BA9C-F190139F2F2F}.Debug|Any CPU.ActiveCfg = Debug|Any CPU
		{A24DDBF0-3FDF-435F-BA9C-F190139F2F2F}.Debug|Any CPU.Build.0 = Debug|Any CPU
		{A24DDBF0-3FDF-435F-BA9C-F190139F2F2F}.Release|Any CPU.ActiveCfg = Release|Any CPU
		{A24DDBF0-3FDF-435F-BA9C-F190139F2F2F}.Release|Any CPU.Build.0 = Release|Any CPU
		{4B2B407B-BDB9-4C81-BE30-5C3EDD63E5D8}.Debug|Any CPU.ActiveCfg = Debug|Any CPU
		{4B2B407B-BDB9-4C81-BE30-5C3EDD63E5D8}.Debug|Any CPU.Build.0 = Debug|Any CPU
		{4B2B407B-BDB9-4C81-BE30-5C3EDD63E5D8}.Release|Any CPU.ActiveCfg = Release|Any CPU
		{4B2B407B-BDB9-4C81-BE30-5C3EDD63E5D8}.Release|Any CPU.Build.0 = Release|Any CPU
		{B88DCE88-8B41-4323-BCA4-3FDE0440BC99}.Debug|Any CPU.ActiveCfg = Debug|Any CPU
		{B88DCE88-8B41-4323-BCA4-3FDE0440BC99}.Debug|Any CPU.Build.0 = Debug|Any CPU
		{B88DCE88-8B41-4323-BCA4-3FDE0440BC99}.Release|Any CPU.ActiveCfg = Release|Any CPU
		{B88DCE88-8B41-4323-BCA4-3FDE0440BC99}.Release|Any CPU.Build.0 = Release|Any CPU
	EndGlobalSection
	GlobalSection(SolutionProperties) = preSolution
		HideSolutionNode = FALSE
	EndGlobalSection
	GlobalSection(ExtensibilityGlobals) = postSolution
		SolutionGuid = {F4ED7819-0532-4D64-805B-EB4CA0F3D85C}
	EndGlobalSection
EndGlobal
